// !$*UTF8*$!
{
	archiveVersion = 1;
	classes = {
	};
	objectVersion = 55;
	objects = {

/* Begin PBXBuildFile section */
		E4FF5BA127EBA2750073C9CC /* AppDelegate.swift in Sources */ = {isa = PBXBuildFile; fileRef = E4FF5BA027EBA2750073C9CC /* AppDelegate.swift */; };
		E4FF5BA327EBA2750073C9CC /* SceneDelegate.swift in Sources */ = {isa = PBXBuildFile; fileRef = E4FF5BA227EBA2750073C9CC /* SceneDelegate.swift */; };
		E4FF5BA527EBA2750073C9CC /* SearchViewController.swift in Sources */ = {isa = PBXBuildFile; fileRef = E4FF5BA427EBA2750073C9CC /* SearchViewController.swift */; };
		E4FF5BAA27EBA2750073C9CC /* Assets.xcassets in Resources */ = {isa = PBXBuildFile; fileRef = E4FF5BA927EBA2750073C9CC /* Assets.xcassets */; };
		E4FF5BAD27EBA2750073C9CC /* LaunchScreen.storyboard in Resources */ = {isa = PBXBuildFile; fileRef = E4FF5BAB27EBA2750073C9CC /* LaunchScreen.storyboard */; };
		E4FF5BBD27EBA4280073C9CC /* UIColor+Extension.swift in Sources */ = {isa = PBXBuildFile; fileRef = E4FF5BBC27EBA4280073C9CC /* UIColor+Extension.swift */; };
		E4FF5BBF27EBA4370073C9CC /* UIImage+Extension.swift in Sources */ = {isa = PBXBuildFile; fileRef = E4FF5BBE27EBA4370073C9CC /* UIImage+Extension.swift */; };
		E4FF5BC127EBA47D0073C9CC /* UserDetailsViewController.swift in Sources */ = {isa = PBXBuildFile; fileRef = E4FF5BC027EBA47D0073C9CC /* UserDetailsViewController.swift */; };
		E4FF5BC427EBA75F0073C9CC /* Button.swift in Sources */ = {isa = PBXBuildFile; fileRef = E4FF5BC327EBA75F0073C9CC /* Button.swift */; };
		E4FF5BC727EBA7A00073C9CC /* TextField.swift in Sources */ = {isa = PBXBuildFile; fileRef = E4FF5BC627EBA7A00073C9CC /* TextField.swift */; };
		E4FF5BC927EBA8560073C9CC /* DataLoadingViewController.swift in Sources */ = {isa = PBXBuildFile; fileRef = E4FF5BC827EBA8560073C9CC /* DataLoadingViewController.swift */; };
		E4FF5BCC27EBA8A50073C9CC /* EmptyStateView.swift in Sources */ = {isa = PBXBuildFile; fileRef = E4FF5BCB27EBA8A50073C9CC /* EmptyStateView.swift */; };
		E4FF5BCF27EBA8C50073C9CC /* TitleLabel.swift in Sources */ = {isa = PBXBuildFile; fileRef = E4FF5BCE27EBA8C50073C9CC /* TitleLabel.swift */; };
		E4FF5BD127EBAB400073C9CC /* User.swift in Sources */ = {isa = PBXBuildFile; fileRef = E4FF5BD027EBAB400073C9CC /* User.swift */; };
		E4FF5BD427EBAE620073C9CC /* NetworkManager.swift in Sources */ = {isa = PBXBuildFile; fileRef = E4FF5BD327EBAE620073C9CC /* NetworkManager.swift */; };
		E4FF5BD627EBAF1A0073C9CC /* NetworkError.swift in Sources */ = {isa = PBXBuildFile; fileRef = E4FF5BD527EBAF1A0073C9CC /* NetworkError.swift */; };
		E4FF5BD827EBB0B80073C9CC /* BodyLabel.swift in Sources */ = {isa = PBXBuildFile; fileRef = E4FF5BD727EBB0B80073C9CC /* BodyLabel.swift */; };
		E4FF5BDC27EBB1830073C9CC /* Date+Extension.swift in Sources */ = {isa = PBXBuildFile; fileRef = E4FF5BDB27EBB1830073C9CC /* Date+Extension.swift */; };
		E4FF5BDE27EBB1AD0073C9CC /* UIViewController+Extension.swift in Sources */ = {isa = PBXBuildFile; fileRef = E4FF5BDD27EBB1AD0073C9CC /* UIViewController+Extension.swift */; };
		E4FF5BE327EBB1EA0073C9CC /* FollowersItemInfoViewController.swift in Sources */ = {isa = PBXBuildFile; fileRef = E4FF5BE027EBB1EA0073C9CC /* FollowersItemInfoViewController.swift */; };
		E4FF5BE427EBB1EA0073C9CC /* RepoItemInfoViewController.swift in Sources */ = {isa = PBXBuildFile; fileRef = E4FF5BE127EBB1EA0073C9CC /* RepoItemInfoViewController.swift */; };
		E4FF5BE527EBB1EA0073C9CC /* UserInfoHeaderViewController.swift in Sources */ = {isa = PBXBuildFile; fileRef = E4FF5BE227EBB1EA0073C9CC /* UserInfoHeaderViewController.swift */; };
		E4FF5BE727EBB2170073C9CC /* ItemInfoViewController.swift in Sources */ = {isa = PBXBuildFile; fileRef = E4FF5BE627EBB2170073C9CC /* ItemInfoViewController.swift */; };
		E4FF5BE927EBB2860073C9CC /* ItemInfoView.swift in Sources */ = {isa = PBXBuildFile; fileRef = E4FF5BE827EBB2860073C9CC /* ItemInfoView.swift */; };
		E4FF5BEC27EBB3A90073C9CC /* AvatarImageView.swift in Sources */ = {isa = PBXBuildFile; fileRef = E4FF5BEB27EBB3A90073C9CC /* AvatarImageView.swift */; };
		E4FF5BEE27EBB4630073C9CC /* SecondaryTitleLabel.swift in Sources */ = {isa = PBXBuildFile; fileRef = E4FF5BED27EBB4630073C9CC /* SecondaryTitleLabel.swift */; };
		E4FF5BF027EBB4A70073C9CC /* AlertViewController.swift in Sources */ = {isa = PBXBuildFile; fileRef = E4FF5BEF27EBB4A70073C9CC /* AlertViewController.swift */; };
		E4FF5BF227EBB4C40073C9CC /* AlertContainerView.swift in Sources */ = {isa = PBXBuildFile; fileRef = E4FF5BF127EBB4C40073C9CC /* AlertContainerView.swift */; };
		E4FF5BF427EBBF050073C9CC /* RepositoriesViewController.swift in Sources */ = {isa = PBXBuildFile; fileRef = E4FF5BF327EBBF050073C9CC /* RepositoriesViewController.swift */; };
		E4FF5BF727EBC0890073C9CC /* RepositoryDetailsViewController.swift in Sources */ = {isa = PBXBuildFile; fileRef = E4FF5BF627EBC0890073C9CC /* RepositoryDetailsViewController.swift */; };
		E4FF5BF927EBC1180073C9CC /* Repository.swift in Sources */ = {isa = PBXBuildFile; fileRef = E4FF5BF827EBC1180073C9CC /* Repository.swift */; };
		E4FF5BFB27EBC4A20073C9CC /* Commit.swift in Sources */ = {isa = PBXBuildFile; fileRef = E4FF5BFA27EBC4A20073C9CC /* Commit.swift */; };
		E4FF5BFD27EBC5FC0073C9CC /* Author.swift in Sources */ = {isa = PBXBuildFile; fileRef = E4FF5BFC27EBC5FC0073C9CC /* Author.swift */; };
		E4FF5BFF27EBC65B0073C9CC /* CommitDetails.swift in Sources */ = {isa = PBXBuildFile; fileRef = E4FF5BFE27EBC65B0073C9CC /* CommitDetails.swift */; };
		E4FF5C0227EBCA460073C9CC /* RepositoryTableViewCell.swift in Sources */ = {isa = PBXBuildFile; fileRef = E4FF5C0127EBCA460073C9CC /* RepositoryTableViewCell.swift */; };
/* End PBXBuildFile section */

/* Begin PBXFileReference section */
		E4FF5B9D27EBA2750073C9CC /* GitHub-User.app */ = {isa = PBXFileReference; explicitFileType = wrapper.application; includeInIndex = 0; path = "GitHub-User.app"; sourceTree = BUILT_PRODUCTS_DIR; };
		E4FF5BA027EBA2750073C9CC /* AppDelegate.swift */ = {isa = PBXFileReference; lastKnownFileType = sourcecode.swift; path = AppDelegate.swift; sourceTree = "<group>"; };
		E4FF5BA227EBA2750073C9CC /* SceneDelegate.swift */ = {isa = PBXFileReference; lastKnownFileType = sourcecode.swift; path = SceneDelegate.swift; sourceTree = "<group>"; };
		E4FF5BA427EBA2750073C9CC /* SearchViewController.swift */ = {isa = PBXFileReference; lastKnownFileType = sourcecode.swift; path = SearchViewController.swift; sourceTree = "<group>"; };
		E4FF5BA927EBA2750073C9CC /* Assets.xcassets */ = {isa = PBXFileReference; lastKnownFileType = folder.assetcatalog; path = Assets.xcassets; sourceTree = "<group>"; };
		E4FF5BAC27EBA2750073C9CC /* Base */ = {isa = PBXFileReference; lastKnownFileType = file.storyboard; name = Base; path = Base.lproj/LaunchScreen.storyboard; sourceTree = "<group>"; };
		E4FF5BAE27EBA2750073C9CC /* Info.plist */ = {isa = PBXFileReference; lastKnownFileType = text.plist.xml; path = Info.plist; sourceTree = "<group>"; };
		E4FF5BBC27EBA4280073C9CC /* UIColor+Extension.swift */ = {isa = PBXFileReference; lastKnownFileType = sourcecode.swift; path = "UIColor+Extension.swift"; sourceTree = "<group>"; };
		E4FF5BBE27EBA4370073C9CC /* UIImage+Extension.swift */ = {isa = PBXFileReference; lastKnownFileType = sourcecode.swift; path = "UIImage+Extension.swift"; sourceTree = "<group>"; };
		E4FF5BC027EBA47D0073C9CC /* UserDetailsViewController.swift */ = {isa = PBXFileReference; lastKnownFileType = sourcecode.swift; path = UserDetailsViewController.swift; sourceTree = "<group>"; };
		E4FF5BC327EBA75F0073C9CC /* Button.swift */ = {isa = PBXFileReference; fileEncoding = 4; lastKnownFileType = sourcecode.swift; path = Button.swift; sourceTree = "<group>"; };
		E4FF5BC627EBA7A00073C9CC /* TextField.swift */ = {isa = PBXFileReference; fileEncoding = 4; lastKnownFileType = sourcecode.swift; path = TextField.swift; sourceTree = "<group>"; };
		E4FF5BC827EBA8560073C9CC /* DataLoadingViewController.swift */ = {isa = PBXFileReference; fileEncoding = 4; lastKnownFileType = sourcecode.swift; path = DataLoadingViewController.swift; sourceTree = "<group>"; };
		E4FF5BCB27EBA8A50073C9CC /* EmptyStateView.swift */ = {isa = PBXFileReference; fileEncoding = 4; lastKnownFileType = sourcecode.swift; path = EmptyStateView.swift; sourceTree = "<group>"; };
		E4FF5BCE27EBA8C50073C9CC /* TitleLabel.swift */ = {isa = PBXFileReference; fileEncoding = 4; lastKnownFileType = sourcecode.swift; path = TitleLabel.swift; sourceTree = "<group>"; };
		E4FF5BD027EBAB400073C9CC /* User.swift */ = {isa = PBXFileReference; lastKnownFileType = sourcecode.swift; path = User.swift; sourceTree = "<group>"; };
		E4FF5BD327EBAE620073C9CC /* NetworkManager.swift */ = {isa = PBXFileReference; lastKnownFileType = sourcecode.swift; path = NetworkManager.swift; sourceTree = "<group>"; };
		E4FF5BD527EBAF1A0073C9CC /* NetworkError.swift */ = {isa = PBXFileReference; fileEncoding = 4; lastKnownFileType = sourcecode.swift; path = NetworkError.swift; sourceTree = "<group>"; };
		E4FF5BD727EBB0B80073C9CC /* BodyLabel.swift */ = {isa = PBXFileReference; fileEncoding = 4; lastKnownFileType = sourcecode.swift; path = BodyLabel.swift; sourceTree = "<group>"; };
		E4FF5BDB27EBB1830073C9CC /* Date+Extension.swift */ = {isa = PBXFileReference; lastKnownFileType = sourcecode.swift; path = "Date+Extension.swift"; sourceTree = "<group>"; };
		E4FF5BDD27EBB1AD0073C9CC /* UIViewController+Extension.swift */ = {isa = PBXFileReference; lastKnownFileType = sourcecode.swift; path = "UIViewController+Extension.swift"; sourceTree = "<group>"; };
		E4FF5BE027EBB1EA0073C9CC /* FollowersItemInfoViewController.swift */ = {isa = PBXFileReference; fileEncoding = 4; lastKnownFileType = sourcecode.swift; path = FollowersItemInfoViewController.swift; sourceTree = "<group>"; };
		E4FF5BE127EBB1EA0073C9CC /* RepoItemInfoViewController.swift */ = {isa = PBXFileReference; fileEncoding = 4; lastKnownFileType = sourcecode.swift; path = RepoItemInfoViewController.swift; sourceTree = "<group>"; };
		E4FF5BE227EBB1EA0073C9CC /* UserInfoHeaderViewController.swift */ = {isa = PBXFileReference; fileEncoding = 4; lastKnownFileType = sourcecode.swift; path = UserInfoHeaderViewController.swift; sourceTree = "<group>"; };
		E4FF5BE627EBB2170073C9CC /* ItemInfoViewController.swift */ = {isa = PBXFileReference; fileEncoding = 4; lastKnownFileType = sourcecode.swift; path = ItemInfoViewController.swift; sourceTree = "<group>"; };
		E4FF5BE827EBB2860073C9CC /* ItemInfoView.swift */ = {isa = PBXFileReference; fileEncoding = 4; lastKnownFileType = sourcecode.swift; path = ItemInfoView.swift; sourceTree = "<group>"; };
		E4FF5BEB27EBB3A90073C9CC /* AvatarImageView.swift */ = {isa = PBXFileReference; fileEncoding = 4; lastKnownFileType = sourcecode.swift; path = AvatarImageView.swift; sourceTree = "<group>"; };
		E4FF5BED27EBB4630073C9CC /* SecondaryTitleLabel.swift */ = {isa = PBXFileReference; fileEncoding = 4; lastKnownFileType = sourcecode.swift; path = SecondaryTitleLabel.swift; sourceTree = "<group>"; };
		E4FF5BEF27EBB4A70073C9CC /* AlertViewController.swift */ = {isa = PBXFileReference; fileEncoding = 4; lastKnownFileType = sourcecode.swift; path = AlertViewController.swift; sourceTree = "<group>"; };
		E4FF5BF127EBB4C40073C9CC /* AlertContainerView.swift */ = {isa = PBXFileReference; fileEncoding = 4; lastKnownFileType = sourcecode.swift; path = AlertContainerView.swift; sourceTree = "<group>"; };
		E4FF5BF327EBBF050073C9CC /* RepositoriesViewController.swift */ = {isa = PBXFileReference; lastKnownFileType = sourcecode.swift; path = RepositoriesViewController.swift; sourceTree = "<group>"; };
		E4FF5BF627EBC0890073C9CC /* RepositoryDetailsViewController.swift */ = {isa = PBXFileReference; lastKnownFileType = sourcecode.swift; path = RepositoryDetailsViewController.swift; sourceTree = "<group>"; };
		E4FF5BF827EBC1180073C9CC /* Repository.swift */ = {isa = PBXFileReference; lastKnownFileType = sourcecode.swift; path = Repository.swift; sourceTree = "<group>"; };
		E4FF5BFA27EBC4A20073C9CC /* Commit.swift */ = {isa = PBXFileReference; lastKnownFileType = sourcecode.swift; path = Commit.swift; sourceTree = "<group>"; };
		E4FF5BFC27EBC5FC0073C9CC /* Author.swift */ = {isa = PBXFileReference; lastKnownFileType = sourcecode.swift; path = Author.swift; sourceTree = "<group>"; };
		E4FF5BFE27EBC65B0073C9CC /* CommitDetails.swift */ = {isa = PBXFileReference; lastKnownFileType = sourcecode.swift; path = CommitDetails.swift; sourceTree = "<group>"; };
		E4FF5C0127EBCA460073C9CC /* RepositoryTableViewCell.swift */ = {isa = PBXFileReference; lastKnownFileType = sourcecode.swift; path = RepositoryTableViewCell.swift; sourceTree = "<group>"; };
/* End PBXFileReference section */

/* Begin PBXFrameworksBuildPhase section */
		E4FF5B9A27EBA2750073C9CC /* Frameworks */ = {
			isa = PBXFrameworksBuildPhase;
			buildActionMask = 2147483647;
			files = (
			);
			runOnlyForDeploymentPostprocessing = 0;
		};
/* End PBXFrameworksBuildPhase section */

/* Begin PBXGroup section */
		E4FF5B9427EBA2740073C9CC = {
			isa = PBXGroup;
			children = (
				E4FF5B9F27EBA2750073C9CC /* GitHub-User */,
				E4FF5B9E27EBA2750073C9CC /* Products */,
			);
			sourceTree = "<group>";
		};
		E4FF5B9E27EBA2750073C9CC /* Products */ = {
			isa = PBXGroup;
			children = (
				E4FF5B9D27EBA2750073C9CC /* GitHub-User.app */,
			);
			name = Products;
			sourceTree = "<group>";
		};
		E4FF5B9F27EBA2750073C9CC /* GitHub-User */ = {
			isa = PBXGroup;
			children = (
				E4FF5BD227EBAE570073C9CC /* Managers */,
				E4FF5BBA27EBA2BC0073C9CC /* Utilities */,
				E4FF5BB927EBA2B70073C9CC /* Extensions */,
				E4FF5BB827EBA2B20073C9CC /* Models */,
				E4FF5BB727EBA2A50073C9CC /* Views */,
				E4FF5BB527EBA2910073C9CC /* Controllers */,
				E4FF5BB427EBA28A0073C9CC /* Supporting Files */,
				E4FF5BBB27EBA2D30073C9CC /* Assets */,
			);
			path = "GitHub-User";
			sourceTree = "<group>";
		};
		E4FF5BB427EBA28A0073C9CC /* Supporting Files */ = {
			isa = PBXGroup;
			children = (
				E4FF5BA027EBA2750073C9CC /* AppDelegate.swift */,
				E4FF5BA227EBA2750073C9CC /* SceneDelegate.swift */,
				E4FF5BAB27EBA2750073C9CC /* LaunchScreen.storyboard */,
				E4FF5BAE27EBA2750073C9CC /* Info.plist */,
			);
			path = "Supporting Files";
			sourceTree = "<group>";
		};
		E4FF5BB527EBA2910073C9CC /* Controllers */ = {
			isa = PBXGroup;
			children = (
				E4FF5BEF27EBB4A70073C9CC /* AlertViewController.swift */,
				E4FF5BC827EBA8560073C9CC /* DataLoadingViewController.swift */,
				E4FF5BA427EBA2750073C9CC /* SearchViewController.swift */,
				E4FF5BC027EBA47D0073C9CC /* UserDetailsViewController.swift */,
				E4FF5BF327EBBF050073C9CC /* RepositoriesViewController.swift */,
				E4FF5BF627EBC0890073C9CC /* RepositoryDetailsViewController.swift */,
			);
			path = Controllers;
			sourceTree = "<group>";
		};
		E4FF5BB727EBA2A50073C9CC /* Views */ = {
			isa = PBXGroup;
			children = (
				E4FF5C0027EBCA2E0073C9CC /* TableViewCells */,
				E4FF5BEA27EBB39E0073C9CC /* ImageViews */,
				E4FF5BDF27EBB1E10073C9CC /* ViewControllers */,
				E4FF5BCD27EBA8BB0073C9CC /* Labels */,
				E4FF5BCA27EBA88E0073C9CC /* Views */,
				E4FF5BC527EBA7910073C9CC /* TextFields */,
				E4FF5BC227EBA7550073C9CC /* Buttons */,
			);
			path = Views;
			sourceTree = "<group>";
		};
		E4FF5BB827EBA2B20073C9CC /* Models */ = {
			isa = PBXGroup;
			children = (
				E4FF5BD027EBAB400073C9CC /* User.swift */,
				E4FF5BF827EBC1180073C9CC /* Repository.swift */,
				E4FF5BFA27EBC4A20073C9CC /* Commit.swift */,
				E4FF5BFC27EBC5FC0073C9CC /* Author.swift */,
				E4FF5BFE27EBC65B0073C9CC /* CommitDetails.swift */,
			);
			path = Models;
			sourceTree = "<group>";
		};
		E4FF5BB927EBA2B70073C9CC /* Extensions */ = {
			isa = PBXGroup;
			children = (
				E4FF5BBC27EBA4280073C9CC /* UIColor+Extension.swift */,
				E4FF5BBE27EBA4370073C9CC /* UIImage+Extension.swift */,
				E4FF5BDB27EBB1830073C9CC /* Date+Extension.swift */,
				E4FF5BDD27EBB1AD0073C9CC /* UIViewController+Extension.swift */,
			);
			path = Extensions;
			sourceTree = "<group>";
		};
		E4FF5BBA27EBA2BC0073C9CC /* Utilities */ = {
			isa = PBXGroup;
			children = (
				E4FF5BD527EBAF1A0073C9CC /* NetworkError.swift */,
			);
			path = Utilities;
			sourceTree = "<group>";
		};
		E4FF5BBB27EBA2D30073C9CC /* Assets */ = {
			isa = PBXGroup;
			children = (
				E4FF5BA927EBA2750073C9CC /* Assets.xcassets */,
			);
			path = Assets;
			sourceTree = "<group>";
		};
		E4FF5BC227EBA7550073C9CC /* Buttons */ = {
			isa = PBXGroup;
			children = (
				E4FF5BC327EBA75F0073C9CC /* Button.swift */,
			);
			path = Buttons;
			sourceTree = "<group>";
		};
		E4FF5BC527EBA7910073C9CC /* TextFields */ = {
			isa = PBXGroup;
			children = (
				E4FF5BC627EBA7A00073C9CC /* TextField.swift */,
			);
			path = TextFields;
			sourceTree = "<group>";
		};
		E4FF5BCA27EBA88E0073C9CC /* Views */ = {
			isa = PBXGroup;
			children = (
				E4FF5BF127EBB4C40073C9CC /* AlertContainerView.swift */,
				E4FF5BE827EBB2860073C9CC /* ItemInfoView.swift */,
				E4FF5BCB27EBA8A50073C9CC /* EmptyStateView.swift */,
			);
			path = Views;
			sourceTree = "<group>";
		};
		E4FF5BCD27EBA8BB0073C9CC /* Labels */ = {
			isa = PBXGroup;
			children = (
				E4FF5BED27EBB4630073C9CC /* SecondaryTitleLabel.swift */,
				E4FF5BD727EBB0B80073C9CC /* BodyLabel.swift */,
				E4FF5BCE27EBA8C50073C9CC /* TitleLabel.swift */,
			);
			path = Labels;
			sourceTree = "<group>";
		};
		E4FF5BD227EBAE570073C9CC /* Managers */ = {
			isa = PBXGroup;
			children = (
				E4FF5BD327EBAE620073C9CC /* NetworkManager.swift */,
			);
			path = Managers;
			sourceTree = "<group>";
		};
		E4FF5BDF27EBB1E10073C9CC /* ViewControllers */ = {
			isa = PBXGroup;
			children = (
				E4FF5BE627EBB2170073C9CC /* ItemInfoViewController.swift */,
				E4FF5BE027EBB1EA0073C9CC /* FollowersItemInfoViewController.swift */,
				E4FF5BE127EBB1EA0073C9CC /* RepoItemInfoViewController.swift */,
				E4FF5BE227EBB1EA0073C9CC /* UserInfoHeaderViewController.swift */,
			);
			path = ViewControllers;
			sourceTree = "<group>";
		};
		E4FF5BEA27EBB39E0073C9CC /* ImageViews */ = {
			isa = PBXGroup;
			children = (
				E4FF5BEB27EBB3A90073C9CC /* AvatarImageView.swift */,
			);
			path = ImageViews;
			sourceTree = "<group>";
		};
		E4FF5C0027EBCA2E0073C9CC /* TableViewCells */ = {
			isa = PBXGroup;
			children = (
				E4FF5C0127EBCA460073C9CC /* RepositoryTableViewCell.swift */,
			);
			path = TableViewCells;
			sourceTree = "<group>";
		};
/* End PBXGroup section */

/* Begin PBXNativeTarget section */
		E4FF5B9C27EBA2750073C9CC /* GitHub-User */ = {
			isa = PBXNativeTarget;
			buildConfigurationList = E4FF5BB127EBA2750073C9CC /* Build configuration list for PBXNativeTarget "GitHub-User" */;
			buildPhases = (
				E4FF5B9927EBA2750073C9CC /* Sources */,
				E4FF5B9A27EBA2750073C9CC /* Frameworks */,
				E4FF5B9B27EBA2750073C9CC /* Resources */,
			);
			buildRules = (
			);
			dependencies = (
			);
			name = "GitHub-User";
			productName = "GitHub-User";
			productReference = E4FF5B9D27EBA2750073C9CC /* GitHub-User.app */;
			productType = "com.apple.product-type.application";
		};
/* End PBXNativeTarget section */

/* Begin PBXProject section */
		E4FF5B9527EBA2740073C9CC /* Project object */ = {
			isa = PBXProject;
			attributes = {
				BuildIndependentTargetsInParallel = 1;
				LastSwiftUpdateCheck = 1320;
				LastUpgradeCheck = 1320;
				TargetAttributes = {
					E4FF5B9C27EBA2750073C9CC = {
						CreatedOnToolsVersion = 13.2.1;
					};
				};
			};
			buildConfigurationList = E4FF5B9827EBA2740073C9CC /* Build configuration list for PBXProject "GitHub-User" */;
			compatibilityVersion = "Xcode 13.0";
			developmentRegion = en;
			hasScannedForEncodings = 0;
			knownRegions = (
				en,
				Base,
			);
			mainGroup = E4FF5B9427EBA2740073C9CC;
			productRefGroup = E4FF5B9E27EBA2750073C9CC /* Products */;
			projectDirPath = "";
			projectRoot = "";
			targets = (
				E4FF5B9C27EBA2750073C9CC /* GitHub-User */,
			);
		};
/* End PBXProject section */

/* Begin PBXResourcesBuildPhase section */
		E4FF5B9B27EBA2750073C9CC /* Resources */ = {
			isa = PBXResourcesBuildPhase;
			buildActionMask = 2147483647;
			files = (
				E4FF5BAD27EBA2750073C9CC /* LaunchScreen.storyboard in Resources */,
				E4FF5BAA27EBA2750073C9CC /* Assets.xcassets in Resources */,
			);
			runOnlyForDeploymentPostprocessing = 0;
		};
/* End PBXResourcesBuildPhase section */

/* Begin PBXSourcesBuildPhase section */
		E4FF5B9927EBA2750073C9CC /* Sources */ = {
			isa = PBXSourcesBuildPhase;
			buildActionMask = 2147483647;
			files = (
				E4FF5BFB27EBC4A20073C9CC /* Commit.swift in Sources */,
				E4FF5BE527EBB1EA0073C9CC /* UserInfoHeaderViewController.swift in Sources */,
				E4FF5BC427EBA75F0073C9CC /* Button.swift in Sources */,
				E4FF5BD627EBAF1A0073C9CC /* NetworkError.swift in Sources */,
				E4FF5BA527EBA2750073C9CC /* SearchViewController.swift in Sources */,
				E4FF5BF427EBBF050073C9CC /* RepositoriesViewController.swift in Sources */,
				E4FF5C0227EBCA460073C9CC /* RepositoryTableViewCell.swift in Sources */,
				E4FF5BCC27EBA8A50073C9CC /* EmptyStateView.swift in Sources */,
				E4FF5BF227EBB4C40073C9CC /* AlertContainerView.swift in Sources */,
				E4FF5BF927EBC1180073C9CC /* Repository.swift in Sources */,
				E4FF5BDE27EBB1AD0073C9CC /* UIViewController+Extension.swift in Sources */,
				E4FF5BEE27EBB4630073C9CC /* SecondaryTitleLabel.swift in Sources */,
				E4FF5BD427EBAE620073C9CC /* NetworkManager.swift in Sources */,
				E4FF5BDC27EBB1830073C9CC /* Date+Extension.swift in Sources */,
				E4FF5BE427EBB1EA0073C9CC /* RepoItemInfoViewController.swift in Sources */,
				E4FF5BA127EBA2750073C9CC /* AppDelegate.swift in Sources */,
				E4FF5BCF27EBA8C50073C9CC /* TitleLabel.swift in Sources */,
				E4FF5BC727EBA7A00073C9CC /* TextField.swift in Sources */,
				E4FF5BC927EBA8560073C9CC /* DataLoadingViewController.swift in Sources */,
				E4FF5BE327EBB1EA0073C9CC /* FollowersItemInfoViewController.swift in Sources */,
				E4FF5BC127EBA47D0073C9CC /* UserDetailsViewController.swift in Sources */,
				E4FF5BE927EBB2860073C9CC /* ItemInfoView.swift in Sources */,
				E4FF5BD127EBAB400073C9CC /* User.swift in Sources */,
				E4FF5BEC27EBB3A90073C9CC /* AvatarImageView.swift in Sources */,
				E4FF5BF727EBC0890073C9CC /* RepositoryDetailsViewController.swift in Sources */,
				E4FF5BE727EBB2170073C9CC /* ItemInfoViewController.swift in Sources */,
				E4FF5BBF27EBA4370073C9CC /* UIImage+Extension.swift in Sources */,
				E4FF5BD827EBB0B80073C9CC /* BodyLabel.swift in Sources */,
				E4FF5BA327EBA2750073C9CC /* SceneDelegate.swift in Sources */,
				E4FF5BF027EBB4A70073C9CC /* AlertViewController.swift in Sources */,
				E4FF5BFF27EBC65B0073C9CC /* CommitDetails.swift in Sources */,
				E4FF5BBD27EBA4280073C9CC /* UIColor+Extension.swift in Sources */,
				E4FF5BFD27EBC5FC0073C9CC /* Author.swift in Sources */,
			);
			runOnlyForDeploymentPostprocessing = 0;
		};
/* End PBXSourcesBuildPhase section */

/* Begin PBXVariantGroup section */
		E4FF5BAB27EBA2750073C9CC /* LaunchScreen.storyboard */ = {
			isa = PBXVariantGroup;
			children = (
				E4FF5BAC27EBA2750073C9CC /* Base */,
			);
			name = LaunchScreen.storyboard;
			sourceTree = "<group>";
		};
/* End PBXVariantGroup section */

/* Begin XCBuildConfiguration section */
		E4FF5BAF27EBA2750073C9CC /* Debug */ = {
			isa = XCBuildConfiguration;
			buildSettings = {
				ALWAYS_SEARCH_USER_PATHS = NO;
				CLANG_ANALYZER_NONNULL = YES;
				CLANG_ANALYZER_NUMBER_OBJECT_CONVERSION = YES_AGGRESSIVE;
				CLANG_CXX_LANGUAGE_STANDARD = "gnu++17";
				CLANG_CXX_LIBRARY = "libc++";
				CLANG_ENABLE_MODULES = YES;
				CLANG_ENABLE_OBJC_ARC = YES;
				CLANG_ENABLE_OBJC_WEAK = YES;
				CLANG_WARN_BLOCK_CAPTURE_AUTORELEASING = YES;
				CLANG_WARN_BOOL_CONVERSION = YES;
				CLANG_WARN_COMMA = YES;
				CLANG_WARN_CONSTANT_CONVERSION = YES;
				CLANG_WARN_DEPRECATED_OBJC_IMPLEMENTATIONS = YES;
				CLANG_WARN_DIRECT_OBJC_ISA_USAGE = YES_ERROR;
				CLANG_WARN_DOCUMENTATION_COMMENTS = YES;
				CLANG_WARN_EMPTY_BODY = YES;
				CLANG_WARN_ENUM_CONVERSION = YES;
				CLANG_WARN_INFINITE_RECURSION = YES;
				CLANG_WARN_INT_CONVERSION = YES;
				CLANG_WARN_NON_LITERAL_NULL_CONVERSION = YES;
				CLANG_WARN_OBJC_IMPLICIT_RETAIN_SELF = YES;
				CLANG_WARN_OBJC_LITERAL_CONVERSION = YES;
				CLANG_WARN_OBJC_ROOT_CLASS = YES_ERROR;
				CLANG_WARN_QUOTED_INCLUDE_IN_FRAMEWORK_HEADER = YES;
				CLANG_WARN_RANGE_LOOP_ANALYSIS = YES;
				CLANG_WARN_STRICT_PROTOTYPES = YES;
				CLANG_WARN_SUSPICIOUS_MOVE = YES;
				CLANG_WARN_UNGUARDED_AVAILABILITY = YES_AGGRESSIVE;
				CLANG_WARN_UNREACHABLE_CODE = YES;
				CLANG_WARN__DUPLICATE_METHOD_MATCH = YES;
				COPY_PHASE_STRIP = NO;
				DEBUG_INFORMATION_FORMAT = dwarf;
				ENABLE_STRICT_OBJC_MSGSEND = YES;
				ENABLE_TESTABILITY = YES;
				GCC_C_LANGUAGE_STANDARD = gnu11;
				GCC_DYNAMIC_NO_PIC = NO;
				GCC_NO_COMMON_BLOCKS = YES;
				GCC_OPTIMIZATION_LEVEL = 0;
				GCC_PREPROCESSOR_DEFINITIONS = (
					"DEBUG=1",
					"$(inherited)",
				);
				GCC_WARN_64_TO_32_BIT_CONVERSION = YES;
				GCC_WARN_ABOUT_RETURN_TYPE = YES_ERROR;
				GCC_WARN_UNDECLARED_SELECTOR = YES;
				GCC_WARN_UNINITIALIZED_AUTOS = YES_AGGRESSIVE;
				GCC_WARN_UNUSED_FUNCTION = YES;
				GCC_WARN_UNUSED_VARIABLE = YES;
				IPHONEOS_DEPLOYMENT_TARGET = 15.2;
				MTL_ENABLE_DEBUG_INFO = INCLUDE_SOURCE;
				MTL_FAST_MATH = YES;
				ONLY_ACTIVE_ARCH = YES;
				SDKROOT = iphoneos;
				SWIFT_ACTIVE_COMPILATION_CONDITIONS = DEBUG;
				SWIFT_OPTIMIZATION_LEVEL = "-Onone";
			};
			name = Debug;
		};
		E4FF5BB027EBA2750073C9CC /* Release */ = {
			isa = XCBuildConfiguration;
			buildSettings = {
				ALWAYS_SEARCH_USER_PATHS = NO;
				CLANG_ANALYZER_NONNULL = YES;
				CLANG_ANALYZER_NUMBER_OBJECT_CONVERSION = YES_AGGRESSIVE;
				CLANG_CXX_LANGUAGE_STANDARD = "gnu++17";
				CLANG_CXX_LIBRARY = "libc++";
				CLANG_ENABLE_MODULES = YES;
				CLANG_ENABLE_OBJC_ARC = YES;
				CLANG_ENABLE_OBJC_WEAK = YES;
				CLANG_WARN_BLOCK_CAPTURE_AUTORELEASING = YES;
				CLANG_WARN_BOOL_CONVERSION = YES;
				CLANG_WARN_COMMA = YES;
				CLANG_WARN_CONSTANT_CONVERSION = YES;
				CLANG_WARN_DEPRECATED_OBJC_IMPLEMENTATIONS = YES;
				CLANG_WARN_DIRECT_OBJC_ISA_USAGE = YES_ERROR;
				CLANG_WARN_DOCUMENTATION_COMMENTS = YES;
				CLANG_WARN_EMPTY_BODY = YES;
				CLANG_WARN_ENUM_CONVERSION = YES;
				CLANG_WARN_INFINITE_RECURSION = YES;
				CLANG_WARN_INT_CONVERSION = YES;
				CLANG_WARN_NON_LITERAL_NULL_CONVERSION = YES;
				CLANG_WARN_OBJC_IMPLICIT_RETAIN_SELF = YES;
				CLANG_WARN_OBJC_LITERAL_CONVERSION = YES;
				CLANG_WARN_OBJC_ROOT_CLASS = YES_ERROR;
				CLANG_WARN_QUOTED_INCLUDE_IN_FRAMEWORK_HEADER = YES;
				CLANG_WARN_RANGE_LOOP_ANALYSIS = YES;
				CLANG_WARN_STRICT_PROTOTYPES = YES;
				CLANG_WARN_SUSPICIOUS_MOVE = YES;
				CLANG_WARN_UNGUARDED_AVAILABILITY = YES_AGGRESSIVE;
				CLANG_WARN_UNREACHABLE_CODE = YES;
				CLANG_WARN__DUPLICATE_METHOD_MATCH = YES;
				COPY_PHASE_STRIP = NO;
				DEBUG_INFORMATION_FORMAT = "dwarf-with-dsym";
				ENABLE_NS_ASSERTIONS = NO;
				ENABLE_STRICT_OBJC_MSGSEND = YES;
				GCC_C_LANGUAGE_STANDARD = gnu11;
				GCC_NO_COMMON_BLOCKS = YES;
				GCC_WARN_64_TO_32_BIT_CONVERSION = YES;
				GCC_WARN_ABOUT_RETURN_TYPE = YES_ERROR;
				GCC_WARN_UNDECLARED_SELECTOR = YES;
				GCC_WARN_UNINITIALIZED_AUTOS = YES_AGGRESSIVE;
				GCC_WARN_UNUSED_FUNCTION = YES;
				GCC_WARN_UNUSED_VARIABLE = YES;
				IPHONEOS_DEPLOYMENT_TARGET = 15.2;
				MTL_ENABLE_DEBUG_INFO = NO;
				MTL_FAST_MATH = YES;
				SDKROOT = iphoneos;
				SWIFT_COMPILATION_MODE = wholemodule;
				SWIFT_OPTIMIZATION_LEVEL = "-O";
				VALIDATE_PRODUCT = YES;
			};
			name = Release;
		};
		E4FF5BB227EBA2750073C9CC /* Debug */ = {
			isa = XCBuildConfiguration;
			buildSettings = {
				ASSETCATALOG_COMPILER_APPICON_NAME = AppIcon;
				ASSETCATALOG_COMPILER_GLOBAL_ACCENT_COLOR_NAME = AccentColor;
				CODE_SIGN_STYLE = Automatic;
				CURRENT_PROJECT_VERSION = 1;
				DEVELOPMENT_TEAM = WHP9Z6BC8S;
				GENERATE_INFOPLIST_FILE = YES;
				INFOPLIST_FILE = "GitHub-User/Supporting Files/Info.plist";
				INFOPLIST_KEY_UIApplicationSupportsIndirectInputEvents = YES;
				INFOPLIST_KEY_UILaunchStoryboardName = LaunchScreen;
				INFOPLIST_KEY_UIMainStoryboardFile = "";
				INFOPLIST_KEY_UISupportedInterfaceOrientations_iPad = "UIInterfaceOrientationPortrait UIInterfaceOrientationPortraitUpsideDown UIInterfaceOrientationLandscapeLeft UIInterfaceOrientationLandscapeRight";
				INFOPLIST_KEY_UISupportedInterfaceOrientations_iPhone = "UIInterfaceOrientationPortrait UIInterfaceOrientationLandscapeLeft UIInterfaceOrientationLandscapeRight";
				LD_RUNPATH_SEARCH_PATHS = (
					"$(inherited)",
					"@executable_path/Frameworks",
				);
				MARKETING_VERSION = 1.0;
				PRODUCT_BUNDLE_IDENTIFIER = "zeljkolucic.GitHub-User";
				PRODUCT_NAME = "$(TARGET_NAME)";
				SWIFT_EMIT_LOC_STRINGS = YES;
				SWIFT_VERSION = 5.0;
				TARGETED_DEVICE_FAMILY = "1,2";
			};
			name = Debug;
		};
		E4FF5BB327EBA2750073C9CC /* Release */ = {
			isa = XCBuildConfiguration;
			buildSettings = {
				ASSETCATALOG_COMPILER_APPICON_NAME = AppIcon;
				ASSETCATALOG_COMPILER_GLOBAL_ACCENT_COLOR_NAME = AccentColor;
				CODE_SIGN_STYLE = Automatic;
				CURRENT_PROJECT_VERSION = 1;
				DEVELOPMENT_TEAM = WHP9Z6BC8S;
				GENERATE_INFOPLIST_FILE = YES;
				INFOPLIST_FILE = "GitHub-User/Supporting Files/Info.plist";
				INFOPLIST_KEY_UIApplicationSupportsIndirectInputEvents = YES;
				INFOPLIST_KEY_UILaunchStoryboardName = LaunchScreen;
				INFOPLIST_KEY_UIMainStoryboardFile = "";
				INFOPLIST_KEY_UISupportedInterfaceOrientations_iPad = "UIInterfaceOrientationPortrait UIInterfaceOrientationPortraitUpsideDown UIInterfaceOrientationLandscapeLeft UIInterfaceOrientationLandscapeRight";
				INFOPLIST_KEY_UISupportedInterfaceOrientations_iPhone = "UIInterfaceOrientationPortrait UIInterfaceOrientationLandscapeLeft UIInterfaceOrientationLandscapeRight";
				LD_RUNPATH_SEARCH_PATHS = (
					"$(inherited)",
					"@executable_path/Frameworks",
				);
				MARKETING_VERSION = 1.0;
				PRODUCT_BUNDLE_IDENTIFIER = "zeljkolucic.GitHub-User";
				PRODUCT_NAME = "$(TARGET_NAME)";
				SWIFT_EMIT_LOC_STRINGS = YES;
				SWIFT_VERSION = 5.0;
				TARGETED_DEVICE_FAMILY = "1,2";
			};
			name = Release;
		};
/* End XCBuildConfiguration section */

/* Begin XCConfigurationList section */
		E4FF5B9827EBA2740073C9CC /* Build configuration list for PBXProject "GitHub-User" */ = {
			isa = XCConfigurationList;
			buildConfigurations = (
				E4FF5BAF27EBA2750073C9CC /* Debug */,
				E4FF5BB027EBA2750073C9CC /* Release */,
			);
			defaultConfigurationIsVisible = 0;
			defaultConfigurationName = Release;
		};
		E4FF5BB127EBA2750073C9CC /* Build configuration list for PBXNativeTarget "GitHub-User" */ = {
			isa = XCConfigurationList;
			buildConfigurations = (
				E4FF5BB227EBA2750073C9CC /* Debug */,
				E4FF5BB327EBA2750073C9CC /* Release */,
			);
			defaultConfigurationIsVisible = 0;
			defaultConfigurationName = Release;
		};
/* End XCConfigurationList section */
	};
	rootObject = E4FF5B9527EBA2740073C9CC /* Project object */;
}
